PODS:
  - RCBaseLib (0.1.0)
  - RCUserCenter (0.1.0)

DEPENDENCIES:
  - RCBaseLib (= 0.1.0)
  - RCUserCenter (= 0.1.0)

SPEC REPOS:
  "git@github.com:iscodecheng/RCPrivatePods.git":
    - RCBaseLib
    - RCUserCenter

SPEC CHECKSUMS:
  RCBaseLib: b95abd98e8ed5932f98263113de42005df53d806
  RCUserCenter: cbf8fff70496194b8ca82beded99720f66380d0e

PODFILE CHECKSUM: d50b213aa6d7436a69ae9e3abb01b2586fba8de7

COCOAPODS: 1.14.3
